
Microsoft Visual Studio Solution File, Format Version 12.00
# Visual Studio Version 17
VisualStudioVersion = 17.2.32630.192
MinimumVisualStudioVersion = 10.0.40219.1
Project("{FAE04EC0-301F-11D3-BF4B-00C04F79EFBC}") = "Currency Denominations", "Currency Denominations\Currency Denominations.csproj", "{BE2AF9B5-0ACC-42F3-AB3F-115524AFE4DB}"
EndProject
Global
	GlobalSection(SolutionConfigurationPlatforms) = preSolution
		Debug|Any CPU = Debug|Any CPU
		Release|Any CPU = Release|Any CPU
	EndGlobalSection
	GlobalSection(ProjectConfigurationPlatforms) = postSolution
		{BE2AF9B5-0ACC-42F3-AB3F-115524AFE4DB}.Debug|Any CPU.ActiveCfg = Debug|Any CPU
		{BE2AF9B5-0ACC-42F3-AB3F-115524AFE4DB}.Debug|Any CPU.Build.0 = Debug|Any CPU
		{BE2AF9B5-0ACC-42F3-AB3F-115524AFE4DB}.Release|Any CPU.ActiveCfg = Release|Any CPU
		{BE2AF9B5-0ACC-42F3-AB3F-115524AFE4DB}.Release|Any CPU.Build.0 = Release|Any CPU
	EndGlobalSection
	GlobalSection(SolutionProperties) = preSolution
		HideSolutionNode = FALSE
	EndGlobalSection
	GlobalSection(ExtensibilityGlobals) = postSolution
		SolutionGuid = {B656318C-9EA9-4B2E-934F-85762634AEC3}
	EndGlobalSection
EndGlobal
